// !$*UTF8*$!
{
	archiveVersion = 1;
	classes = {
	};
	objectVersion = 46;
	objects = {

/* Begin PBXBuildFile section */
		18E0C3761FA2EE8000658D26 /* ResetPViewController.swift in Sources */ = {isa = PBXBuildFile; fileRef = 18E0C3751FA2EE8000658D26 /* ResetPViewController.swift */; };
		18E52CC51FA18759008ABB48 /* RegisterPageViewController.swift in Sources */ = {isa = PBXBuildFile; fileRef = 18E52CC41FA18759008ABB48 /* RegisterPageViewController.swift */; };
		ED0052471F88C05800AA1A54 /* AppDelegate.swift in Sources */ = {isa = PBXBuildFile; fileRef = ED0052461F88C05800AA1A54 /* AppDelegate.swift */; };
		ED0052491F88C05800AA1A54 /* ViewController.swift in Sources */ = {isa = PBXBuildFile; fileRef = ED0052481F88C05800AA1A54 /* ViewController.swift */; };
		ED00524C1F88C05800AA1A54 /* Main.storyboard in Resources */ = {isa = PBXBuildFile; fileRef = ED00524A1F88C05800AA1A54 /* Main.storyboard */; };
		ED00524E1F88C05800AA1A54 /* Assets.xcassets in Resources */ = {isa = PBXBuildFile; fileRef = ED00524D1F88C05800AA1A54 /* Assets.xcassets */; };
		ED0052511F88C05800AA1A54 /* LaunchScreen.storyboard in Resources */ = {isa = PBXBuildFile; fileRef = ED00524F1F88C05800AA1A54 /* LaunchScreen.storyboard */; };
		ED08FF0D1F9D815400FB1784 /* LoginTextField.swift in Sources */ = {isa = PBXBuildFile; fileRef = ED08FF0C1F9D815400FB1784 /* LoginTextField.swift */; };
/* End PBXBuildFile section */

/* Begin PBXFileReference section */
		18E0C3751FA2EE8000658D26 /* ResetPViewController.swift */ = {isa = PBXFileReference; lastKnownFileType = sourcecode.swift; path = ResetPViewController.swift; sourceTree = "<group>"; };
		18E52CC41FA18759008ABB48 /* RegisterPageViewController.swift */ = {isa = PBXFileReference; lastKnownFileType = sourcecode.swift; path = RegisterPageViewController.swift; sourceTree = "<group>"; };
		ED0052431F88C05800AA1A54 /* perp2.app */ = {isa = PBXFileReference; explicitFileType = wrapper.application; includeInIndex = 0; path = perp2.app; sourceTree = BUILT_PRODUCTS_DIR; };
		ED0052461F88C05800AA1A54 /* AppDelegate.swift */ = {isa = PBXFileReference; lastKnownFileType = sourcecode.swift; path = AppDelegate.swift; sourceTree = "<group>"; };
		ED0052481F88C05800AA1A54 /* ViewController.swift */ = {isa = PBXFileReference; lastKnownFileType = sourcecode.swift; path = ViewController.swift; sourceTree = "<group>"; };
		ED00524B1F88C05800AA1A54 /* Base */ = {isa = PBXFileReference; lastKnownFileType = file.storyboard; name = Base; path = Base.lproj/Main.storyboard; sourceTree = "<group>"; };
		ED00524D1F88C05800AA1A54 /* Assets.xcassets */ = {isa = PBXFileReference; lastKnownFileType = folder.assetcatalog; path = Assets.xcassets; sourceTree = "<group>"; };
		ED0052501F88C05800AA1A54 /* Base */ = {isa = PBXFileReference; lastKnownFileType = file.storyboard; name = Base; path = Base.lproj/LaunchScreen.storyboard; sourceTree = "<group>"; };
		ED0052521F88C05800AA1A54 /* Info.plist */ = {isa = PBXFileReference; lastKnownFileType = text.plist.xml; path = Info.plist; sourceTree = "<group>"; };
		ED08FF0C1F9D815400FB1784 /* LoginTextField.swift */ = {isa = PBXFileReference; fileEncoding = 4; lastKnownFileType = sourcecode.swift; path = LoginTextField.swift; sourceTree = "<group>"; };
/* End PBXFileReference section */

/* Begin PBXFrameworksBuildPhase section */
		ED0052401F88C05800AA1A54 /* Frameworks */ = {
			isa = PBXFrameworksBuildPhase;
			buildActionMask = 2147483647;
			files = (
			);
			runOnlyForDeploymentPostprocessing = 0;
		};
/* End PBXFrameworksBuildPhase section */

/* Begin PBXGroup section */
		ED00523A1F88C05800AA1A54 = {
			isa = PBXGroup;
			children = (
				ED0052451F88C05800AA1A54 /* perp2 */,
				ED0052441F88C05800AA1A54 /* Products */,
			);
			sourceTree = "<group>";
		};
		ED0052441F88C05800AA1A54 /* Products */ = {
			isa = PBXGroup;
			children = (
				ED0052431F88C05800AA1A54 /* perp2.app */,
			);
			name = Products;
			sourceTree = "<group>";
		};
		ED0052451F88C05800AA1A54 /* perp2 */ = {
			isa = PBXGroup;
			children = (
				ED0052461F88C05800AA1A54 /* AppDelegate.swift */,
				ED0052481F88C05800AA1A54 /* ViewController.swift */,
				ED08FF0C1F9D815400FB1784 /* LoginTextField.swift */,
				ED00524A1F88C05800AA1A54 /* Main.storyboard */,
				ED00524D1F88C05800AA1A54 /* Assets.xcassets */,
				ED00524F1F88C05800AA1A54 /* LaunchScreen.storyboard */,
				ED0052521F88C05800AA1A54 /* Info.plist */,
				18E52CC41FA18759008ABB48 /* RegisterPageViewController.swift */,
				18E0C3751FA2EE8000658D26 /* ResetPViewController.swift */,
			);
			path = perp2;
			sourceTree = "<group>";
		};
/* End PBXGroup section */

/* Begin PBXNativeTarget section */
		ED0052421F88C05800AA1A54 /* perp2 */ = {
			isa = PBXNativeTarget;
			buildConfigurationList = ED0052551F88C05800AA1A54 /* Build configuration list for PBXNativeTarget "perp2" */;
			buildPhases = (
				ED00523F1F88C05800AA1A54 /* Sources */,
				ED0052401F88C05800AA1A54 /* Frameworks */,
				ED0052411F88C05800AA1A54 /* Resources */,
			);
			buildRules = (
			);
			dependencies = (
			);
			name = perp2;
			productName = perp2;
			productReference = ED0052431F88C05800AA1A54 /* perp2.app */;
			productType = "com.apple.product-type.application";
		};
/* End PBXNativeTarget section */

/* Begin PBXProject section */
		ED00523B1F88C05800AA1A54 /* Project object */ = {
			isa = PBXProject;
			attributes = {
				LastSwiftUpdateCheck = 0820;
				LastUpgradeCheck = 0900;
				ORGANIZATIONNAME = RR;
				TargetAttributes = {
					ED0052421F88C05800AA1A54 = {
						CreatedOnToolsVersion = 8.2.1;
						DevelopmentTeam = CRGVT8P7UZ;
						LastSwiftMigration = 0900;
						ProvisioningStyle = Automatic;
					};
				};
			};
			buildConfigurationList = ED00523E1F88C05800AA1A54 /* Build configuration list for PBXProject "perp2" */;
			compatibilityVersion = "Xcode 3.2";
			developmentRegion = English;
			hasScannedForEncodings = 0;
			knownRegions = (
				en,
				Base,
			);
			mainGroup = ED00523A1F88C05800AA1A54;
			productRefGroup = ED0052441F88C05800AA1A54 /* Products */;
			projectDirPath = "";
			projectRoot = "";
			targets = (
				ED0052421F88C05800AA1A54 /* perp2 */,
			);
		};
/* End PBXProject section */

/* Begin PBXResourcesBuildPhase section */
		ED0052411F88C05800AA1A54 /* Resources */ = {
			isa = PBXResourcesBuildPhase;
			buildActionMask = 2147483647;
			files = (
				ED0052511F88C05800AA1A54 /* LaunchScreen.storyboard in Resources */,
				ED00524E1F88C05800AA1A54 /* Assets.xcassets in Resources */,
				ED00524C1F88C05800AA1A54 /* Main.storyboard in Resources */,
			);
			runOnlyForDeploymentPostprocessing = 0;
		};
/* End PBXResourcesBuildPhase section */

/* Begin PBXSourcesBuildPhase section */
		ED00523F1F88C05800AA1A54 /* Sources */ = {
			isa = PBXSourcesBuildPhase;
			buildActionMask = 2147483647;
			files = (
				18E52CC51FA18759008ABB48 /* RegisterPageViewController.swift in Sources */,
				ED08FF0D1F9D815400FB1784 /* LoginTextField.swift in Sources */,
				18E0C3761FA2EE8000658D26 /* ResetPViewController.swift in Sources */,
				ED0052491F88C05800AA1A54 /* ViewController.swift in Sources */,
				ED0052471F88C05800AA1A54 /* AppDelegate.swift in Sources */,
			);
			runOnlyForDeploymentPostprocessing = 0;
		};
/* End PBXSourcesBuildPhase section */

/* Begin PBXVariantGroup section */
		ED00524A1F88C05800AA1A54 /* Main.storyboard */ = {
			isa = PBXVariantGroup;
			children = (
				ED00524B1F88C05800AA1A54 /* Base */,
			);
			name = Main.storyboard;
			sourceTree = "<group>";
		};
		ED00524F1F88C05800AA1A54 /* LaunchScreen.storyboard */ = {
			isa = PBXVariantGroup;
			children = (
				ED0052501F88C05800AA1A54 /* Base */,
			);
			name = LaunchScreen.storyboard;
			sourceTree = "<group>";
		};
/* End PBXVariantGroup section */

/* Begin XCBuildConfiguration section */
		ED0052531F88C05800AA1A54 /* Debug */ = {
			isa = XCBuildConfiguration;
			buildSettings = {
				ALWAYS_SEARCH_USER_PATHS = NO;
				CLANG_ANALYZER_NONNULL = YES;
				CLANG_CXX_LANGUAGE_STANDARD = "gnu++0x";
				CLANG_CXX_LIBRARY = "libc++";
				CLANG_ENABLE_MODULES = YES;
				CLANG_ENABLE_OBJC_ARC = YES;
				CLANG_WARN_BLOCK_CAPTURE_AUTORELEASING = YES;
				CLANG_WARN_BOOL_CONVERSION = YES;
				CLANG_WARN_COMMA = YES;
				CLANG_WARN_CONSTANT_CONVERSION = YES;
				CLANG_WARN_DIRECT_OBJC_ISA_USAGE = YES_ERROR;
				CLANG_WARN_DOCUMENTATION_COMMENTS = YES;
				CLANG_WARN_EMPTY_BODY = YES;
				CLANG_WARN_ENUM_CONVERSION = YES;
				CLANG_WARN_INFINITE_RECURSION = YES;
				CLANG_WARN_INT_CONVERSION = YES;
				CLANG_WARN_NON_LITERAL_NULL_CONVERSION = YES;
				CLANG_WARN_OBJC_LITERAL_CONVERSION = YES;
				CLANG_WARN_OBJC_ROOT_CLASS = YES_ERROR;
				CLANG_WARN_RANGE_LOOP_ANALYSIS = YES;
				CLANG_WARN_STRICT_PROTOTYPES = YES;
				CLANG_WARN_SUSPICIOUS_MOVE = YES;
				CLANG_WARN_UNREACHABLE_CODE = YES;
				CLANG_WARN__DUPLICATE_METHOD_MATCH = YES;
				"CODE_SIGN_IDENTITY[sdk=iphoneos*]" = "iPhone Developer";
				COPY_PHASE_STRIP = NO;
				DEBUG_INFORMATION_FORMAT = dwarf;
				ENABLE_STRICT_OBJC_MSGSEND = YES;
				ENABLE_TESTABILITY = YES;
				GCC_C_LANGUAGE_STANDARD = gnu99;
				GCC_DYNAMIC_NO_PIC = NO;
				GCC_NO_COMMON_BLOCKS = YES;
				GCC_OPTIMIZATION_LEVEL = 0;
				GCC_PREPROCESSOR_DEFINITIONS = (
					"DEBUG=1",
					"$(inherited)",
				);
				GCC_WARN_64_TO_32_BIT_CONVERSION = YES;
				GCC_WARN_ABOUT_RETURN_TYPE = YES_ERROR;
				GCC_WARN_UNDECLARED_SELECTOR = YES;
				GCC_WARN_UNINITIALIZED_AUTOS = YES_AGGRESSIVE;
				GCC_WARN_UNUSED_FUNCTION = YES;
				GCC_WARN_UNUSED_VARIABLE = YES;
				IPHONEOS_DEPLOYMENT_TARGET = 10.2;
				MTL_ENABLE_DEBUG_INFO = YES;
				ONLY_ACTIVE_ARCH = YES;
				SDKROOT = iphoneos;
				SWIFT_ACTIVE_COMPILATION_CONDITIONS = DEBUG;
				SWIFT_OPTIMIZATION_LEVEL = "-Onone";
				TARGETED_DEVICE_FAMILY = "1,2";
			};
			name = Debug;
		};
		ED0052541F88C05800AA1A54 /* Release */ = {
			isa = XCBuildConfiguration;
			buildSettings = {
				ALWAYS_SEARCH_USER_PATHS = NO;
				CLANG_ANALYZER_NONNULL = YES;
				CLANG_CXX_LANGUAGE_STANDARD = "gnu++0x";
				CLANG_CXX_LIBRARY = "libc++";
				CLANG_ENABLE_MODULES = YES;
				CLANG_ENABLE_OBJC_ARC = YES;
				CLANG_WARN_BLOCK_CAPTURE_AUTORELEASING = YES;
				CLANG_WARN_BOOL_CONVERSION = YES;
				CLANG_WARN_COMMA = YES;
				CLANG_WARN_CONSTANT_CONVERSION = YES;
				CLANG_WARN_DIRECT_OBJC_ISA_USAGE = YES_ERROR;
				CLANG_WARN_DOCUMENTATION_COMMENTS = YES;
				CLANG_WARN_EMPTY_BODY = YES;
				CLANG_WARN_ENUM_CONVERSION = YES;
				CLANG_WARN_INFINITE_RECURSION = YES;
				CLANG_WARN_INT_CONVERSION = YES;
				CLANG_WARN_NON_LITERAL_NULL_CONVERSION = YES;
				CLANG_WARN_OBJC_LITERAL_CONVERSION = YES;
				CLANG_WARN_OBJC_ROOT_CLASS = YES_ERROR;
				CLANG_WARN_RANGE_LOOP_ANALYSIS = YES;
				CLANG_WARN_STRICT_PROTOTYPES = YES;
				CLANG_WARN_SUSPICIOUS_MOVE = YES;
				CLANG_WARN_UNREACHABLE_CODE = YES;
				CLANG_WARN__DUPLICATE_METHOD_MATCH = YES;
				"CODE_SIGN_IDENTITY[sdk=iphoneos*]" = "iPhone Developer";
				COPY_PHASE_STRIP = NO;
				DEBUG_INFORMATION_FORMAT = "dwarf-with-dsym";
				ENABLE_NS_ASSERTIONS = NO;
				ENABLE_STRICT_OBJC_MSGSEND = YES;
				GCC_C_LANGUAGE_STANDARD = gnu99;
				GCC_NO_COMMON_BLOCKS = YES;
				GCC_WARN_64_TO_32_BIT_CONVERSION = YES;
				GCC_WARN_ABOUT_RETURN_TYPE = YES_ERROR;
				GCC_WARN_UNDECLARED_SELECTOR = YES;
				GCC_WARN_UNINITIALIZED_AUTOS = YES_AGGRESSIVE;
				GCC_WARN_UNUSED_FUNCTION = YES;
				GCC_WARN_UNUSED_VARIABLE = YES;
				IPHONEOS_DEPLOYMENT_TARGET = 10.2;
				MTL_ENABLE_DEBUG_INFO = NO;
				SDKROOT = iphoneos;
				SWIFT_OPTIMIZATION_LEVEL = "-Owholemodule";
				TARGETED_DEVICE_FAMILY = "1,2";
				VALIDATE_PRODUCT = YES;
			};
			name = Release;
		};
		ED0052561F88C05800AA1A54 /* Debug */ = {
			isa = XCBuildConfiguration;
			buildSettings = {
				ASSETCATALOG_COMPILER_APPICON_NAME = AppIcon;
				DEVELOPMENT_TEAM = CRGVT8P7UZ;
				INFOPLIST_FILE = perp2/Info.plist;
				LD_RUNPATH_SEARCH_PATHS = "$(inherited) @executable_path/Frameworks";
				PRODUCT_BUNDLE_IDENTIFIER = com.RR.perp2;
				PRODUCT_NAME = "$(TARGET_NAME)";
				SWIFT_SWIFT3_OBJC_INFERENCE = On;
				SWIFT_VERSION = 4.0;
			};
			name = Debug;
		};
		ED0052571F88C05800AA1A54 /* Release */ = {
			isa = XCBuildConfiguration;
			buildSettings = {
				ASSETCATALOG_COMPILER_APPICON_NAME = AppIcon;
				DEVELOPMENT_TEAM = CRGVT8P7UZ;
				INFOPLIST_FILE = perp2/Info.plist;
				LD_RUNPATH_SEARCH_PATHS = "$(inherited) @executable_path/Frameworks";
				PRODUCT_BUNDLE_IDENTIFIER = com.RR.perp2;
				PRODUCT_NAME = "$(TARGET_NAME)";
				SWIFT_SWIFT3_OBJC_INFERENCE = On;
				SWIFT_VERSION = 4.0;
			};
			name = Release;
		};
/* End XCBuildConfiguration section */

/* Begin XCConfigurationList section */
		ED00523E1F88C05800AA1A54 /* Build configuration list for PBXProject "perp2" */ = {
			isa = XCConfigurationList;
			buildConfigurations = (
				ED0052531F88C05800AA1A54 /* Debug */,
				ED0052541F88C05800AA1A54 /* Release */,
			);
			defaultConfigurationIsVisible = 0;
			defaultConfigurationName = Release;
		};
		ED0052551F88C05800AA1A54 /* Build configuration list for PBXNativeTarget "perp2" */ = {
			isa = XCConfigurationList;
			buildConfigurations = (
				ED0052561F88C05800AA1A54 /* Debug */,
				ED0052571F88C05800AA1A54 /* Release */,
			);
			defaultConfigurationIsVisible = 0;
			defaultConfigurationName = Release;
		};
/* End XCConfigurationList section */
	};
	rootObject = ED00523B1F88C05800AA1A54 /* Project object */;
}
